<?xml version="1.0" encoding="utf-8"?>
<Project ToolsVersion="16.0" xmlns="http://schemas.microsoft.com/developer/msbuild/2003">
  <ItemGroup>
    <ClCompile Include="C:\Users\Sahil\source\repos\ConsoleApplication9\openal-soft\al\auxeffectslot.cpp">
      <Filter>Source Files</Filter>
    </ClCompile>
    <ClCompile Include="C:\Users\Sahil\source\repos\ConsoleApplication9\openal-soft\al\buffer.cpp">
      <Filter>Source Files</Filter>
    </ClCompile>
    <ClCompile Include="C:\Users\Sahil\source\repos\ConsoleApplication9\openal-soft\al\effect.cpp">
      <Filter>Source Files</Filter>
    </ClCompile>
    <ClCompile Include="C:\Users\Sahil\source\repos\ConsoleApplication9\openal-soft\al\error.cpp">
      <Filter>Source Files</Filter>
    </ClCompile>
    <ClCompile Include="C:\Users\Sahil\source\repos\ConsoleApplication9\openal-soft\al\event.cpp">
      <Filter>Source Files</Filter>
    </ClCompile>
    <ClCompile Include="C:\Users\Sahil\source\repos\ConsoleApplication9\openal-soft\al\extension.cpp">
      <Filter>Source Files</Filter>
    </ClCompile>
    <ClCompile Include="C:\Users\Sahil\source\repos\ConsoleApplication9\openal-soft\al\filter.cpp">
      <Filter>Source Files</Filter>
    </ClCompile>
    <ClCompile Include="C:\Users\Sahil\source\repos\ConsoleApplication9\openal-soft\al\listener.cpp">
      <Filter>Source Files</Filter>
    </ClCompile>
    <ClCompile Include="C:\Users\Sahil\source\repos\ConsoleApplication9\openal-soft\al\source.cpp">
      <Filter>Source Files</Filter>
    </ClCompile>
    <ClCompile Include="C:\Users\Sahil\source\repos\ConsoleApplication9\openal-soft\al\state.cpp">
      <Filter>Source Files</Filter>
    </ClCompile>
    <ClCompile Include="C:\Users\Sahil\source\repos\ConsoleApplication9\openal-soft\alc\alc.cpp">
      <Filter>Source Files</Filter>
    </ClCompile>
    <ClCompile Include="C:\Users\Sahil\source\repos\ConsoleApplication9\openal-soft\alc\alu.cpp">
      <Filter>Source Files</Filter>
    </ClCompile>
    <ClCompile Include="C:\Users\Sahil\source\repos\ConsoleApplication9\openal-soft\alc\alconfig.cpp">
      <Filter>Source Files</Filter>
    </ClCompile>
    <ClCompile Include="C:\Users\Sahil\source\repos\ConsoleApplication9\openal-soft\alc\ambdec.cpp">
      <Filter>Source Files</Filter>
    </ClCompile>
    <ClCompile Include="C:\Users\Sahil\source\repos\ConsoleApplication9\openal-soft\alc\bformatdec.cpp">
      <Filter>Source Files</Filter>
    </ClCompile>
    <ClCompile Include="C:\Users\Sahil\source\repos\ConsoleApplication9\openal-soft\alc\bs2b.cpp">
      <Filter>Source Files</Filter>
    </ClCompile>
    <ClCompile Include="C:\Users\Sahil\source\repos\ConsoleApplication9\openal-soft\alc\converter.cpp">
      <Filter>Source Files</Filter>
    </ClCompile>
    <ClCompile Include="C:\Users\Sahil\source\repos\ConsoleApplication9\openal-soft\alc\cpu_caps.cpp">
      <Filter>Source Files</Filter>
    </ClCompile>
    <ClCompile Include="C:\Users\Sahil\source\repos\ConsoleApplication9\openal-soft\alc\effects\autowah.cpp">
      <Filter>Source Files</Filter>
    </ClCompile>
    <ClCompile Include="C:\Users\Sahil\source\repos\ConsoleApplication9\openal-soft\alc\effects\chorus.cpp">
      <Filter>Source Files</Filter>
    </ClCompile>
    <ClCompile Include="C:\Users\Sahil\source\repos\ConsoleApplication9\openal-soft\alc\effects\compressor.cpp">
      <Filter>Source Files</Filter>
    </ClCompile>
    <ClCompile Include="C:\Users\Sahil\source\repos\ConsoleApplication9\openal-soft\alc\effects\dedicated.cpp">
      <Filter>Source Files</Filter>
    </ClCompile>
    <ClCompile Include="C:\Users\Sahil\source\repos\ConsoleApplication9\openal-soft\alc\effects\distortion.cpp">
      <Filter>Source Files</Filter>
    </ClCompile>
    <ClCompile Include="C:\Users\Sahil\source\repos\ConsoleApplication9\openal-soft\alc\effects\echo.cpp">
      <Filter>Source Files</Filter>
    </ClCompile>
    <ClCompile Include="C:\Users\Sahil\source\repos\ConsoleApplication9\openal-soft\alc\effects\equalizer.cpp">
      <Filter>Source Files</Filter>
    </ClCompile>
    <ClCompile Include="C:\Users\Sahil\source\repos\ConsoleApplication9\openal-soft\alc\effects\fshifter.cpp">
      <Filter>Source Files</Filter>
    </ClCompile>
    <ClCompile Include="C:\Users\Sahil\source\repos\ConsoleApplication9\openal-soft\alc\effects\modulator.cpp">
      <Filter>Source Files</Filter>
    </ClCompile>
    <ClCompile Include="C:\Users\Sahil\source\repos\ConsoleApplication9\openal-soft\alc\effects\null.cpp">
      <Filter>Source Files</Filter>
    </ClCompile>
    <ClCompile Include="C:\Users\Sahil\source\repos\ConsoleApplication9\openal-soft\alc\effects\pshifter.cpp">
      <Filter>Source Files</Filter>
    </ClCompile>
    <ClCompile Include="C:\Users\Sahil\source\repos\ConsoleApplication9\openal-soft\alc\effects\reverb.cpp">
      <Filter>Source Files</Filter>
    </ClCompile>
    <ClCompile Include="C:\Users\Sahil\source\repos\ConsoleApplication9\openal-soft\alc\effects\vmorpher.cpp">
      <Filter>Source Files</Filter>
    </ClCompile>
    <ClCompile Include="C:\Users\Sahil\source\repos\ConsoleApplication9\openal-soft\alc\filters\biquad.cpp">
      <Filter>Source Files</Filter>
    </ClCompile>
    <ClCompile Include="C:\Users\Sahil\source\repos\ConsoleApplication9\openal-soft\alc\filters\nfc.cpp">
      <Filter>Source Files</Filter>
    </ClCompile>
    <ClCompile Include="C:\Users\Sahil\source\repos\ConsoleApplication9\openal-soft\alc\filters\splitter.cpp">
      <Filter>Source Files</Filter>
    </ClCompile>
    <ClCompile Include="C:\Users\Sahil\source\repos\ConsoleApplication9\openal-soft\alc\fpu_ctrl.cpp">
      <Filter>Source Files</Filter>
    </ClCompile>
    <ClCompile Include="C:\Users\Sahil\source\repos\ConsoleApplication9\openal-soft\alc\helpers.cpp">
      <Filter>Source Files</Filter>
    </ClCompile>
    <ClCompile Include="C:\Users\Sahil\source\repos\ConsoleApplication9\openal-soft\alc\hrtf.cpp">
      <Filter>Source Files</Filter>
    </ClCompile>
    <ClCompile Include="C:\Users\Sahil\source\repos\ConsoleApplication9\openal-soft\alc\mastering.cpp">
      <Filter>Source Files</Filter>
    </ClCompile>
    <ClCompile Include="C:\Users\Sahil\source\repos\ConsoleApplication9\openal-soft\alc\panning.cpp">
      <Filter>Source Files</Filter>
    </ClCompile>
    <ClCompile Include="C:\Users\Sahil\source\repos\ConsoleApplication9\openal-soft\alc\ringbuffer.cpp">
      <Filter>Source Files</Filter>
    </ClCompile>
    <ClCompile Include="C:\Users\Sahil\source\repos\ConsoleApplication9\openal-soft\alc\uhjfilter.cpp">
      <Filter>Source Files</Filter>
    </ClCompile>
    <ClCompile Include="C:\Users\Sahil\source\repos\ConsoleApplication9\openal-soft\alc\uiddefs.cpp">
      <Filter>Source Files</Filter>
    </ClCompile>
    <ClCompile Include="C:\Users\Sahil\source\repos\ConsoleApplication9\openal-soft\alc\voice.cpp">
      <Filter>Source Files</Filter>
    </ClCompile>
    <ClCompile Include="C:\Users\Sahil\source\repos\ConsoleApplication9\openal-soft\alc\mixer\mixer_c.cpp">
      <Filter>Source Files</Filter>
    </ClCompile>
    <ClCompile Include="C:\Users\Sahil\source\repos\ConsoleApplication9\openal-soft\alc\mixer\mixer_sse.cpp">
      <Filter>Source Files</Filter>
    </ClCompile>
    <ClCompile Include="C:\Users\Sahil\source\repos\ConsoleApplication9\openal-soft\alc\mixer\mixer_sse2.cpp">
      <Filter>Source Files</Filter>
    </ClCompile>
    <ClCompile Include="C:\Users\Sahil\source\repos\ConsoleApplication9\openal-soft\alc\mixer\mixer_sse3.cpp">
      <Filter>Source Files</Filter>
    </ClCompile>
    <ClCompile Include="C:\Users\Sahil\source\repos\ConsoleApplication9\openal-soft\alc\mixer\mixer_sse41.cpp">
      <Filter>Source Files</Filter>
    </ClCompile>
    <ClCompile Include="C:\Users\Sahil\source\repos\ConsoleApplication9\openal-soft\alc\backends\base.cpp">
      <Filter>Source Files</Filter>
    </ClCompile>
    <ClCompile Include="C:\Users\Sahil\source\repos\ConsoleApplication9\openal-soft\alc\backends\loopback.cpp">
      <Filter>Source Files</Filter>
    </ClCompile>
    <ClCompile Include="C:\Users\Sahil\source\repos\ConsoleApplication9\openal-soft\alc\backends\null.cpp">
      <Filter>Source Files</Filter>
    </ClCompile>
    <ClCompile Include="C:\Users\Sahil\source\repos\ConsoleApplication9\openal-soft\alc\backends\dsound.cpp">
      <Filter>Source Files</Filter>
    </ClCompile>
    <ClCompile Include="C:\Users\Sahil\source\repos\ConsoleApplication9\openal-soft\alc\backends\wasapi.cpp">
      <Filter>Source Files</Filter>
    </ClCompile>
    <ClCompile Include="C:\Users\Sahil\source\repos\ConsoleApplication9\openal-soft\alc\backends\wave.cpp">
      <Filter>Source Files</Filter>
    </ClCompile>
  </ItemGroup>
  <ItemGroup>
    <ClInclude Include="C:\Users\Sahil\source\repos\ConsoleApplication9\openal-soft\al\auxeffectslot.h">
      <Filter>Header Files</Filter>
    </ClInclude>
    <ClInclude Include="C:\Users\Sahil\source\repos\ConsoleApplication9\openal-soft\al\buffer.h">
      <Filter>Header Files</Filter>
    </ClInclude>
    <ClInclude Include="C:\Users\Sahil\source\repos\ConsoleApplication9\openal-soft\al\effect.h">
      <Filter>Header Files</Filter>
    </ClInclude>
    <ClInclude Include="C:\Users\Sahil\source\repos\ConsoleApplication9\openal-soft\al\event.h">
      <Filter>Header Files</Filter>
    </ClInclude>
    <ClInclude Include="C:\Users\Sahil\source\repos\ConsoleApplication9\openal-soft\al\filter.h">
      <Filter>Header Files</Filter>
    </ClInclude>
    <ClInclude Include="C:\Users\Sahil\source\repos\ConsoleApplication9\openal-soft\al\listener.h">
      <Filter>Header Files</Filter>
    </ClInclude>
    <ClInclude Include="C:\Users\Sahil\source\repos\ConsoleApplication9\openal-soft\al\source.h">
      <Filter>Header Files</Filter>
    </ClInclude>
    <ClInclude Include="C:\Users\Sahil\source\repos\ConsoleApplication9\openal-soft\alc\alcmain.h">
      <Filter>Header Files</Filter>
    </ClInclude>
    <ClInclude Include="C:\Users\Sahil\source\repos\ConsoleApplication9\openal-soft\alc\alu.h">
      <Filter>Header Files</Filter>
    </ClInclude>
    <ClInclude Include="C:\Users\Sahil\source\repos\ConsoleApplication9\openal-soft\alc\alconfig.h">
      <Filter>Header Files</Filter>
    </ClInclude>
    <ClInclude Include="C:\Users\Sahil\source\repos\ConsoleApplication9\openal-soft\alc\alcontext.h">
      <Filter>Header Files</Filter>
    </ClInclude>
    <ClInclude Include="C:\Users\Sahil\source\repos\ConsoleApplication9\openal-soft\alc\ambdec.h">
      <Filter>Header Files</Filter>
    </ClInclude>
    <ClInclude Include="C:\Users\Sahil\source\repos\ConsoleApplication9\openal-soft\alc\ambidefs.h">
      <Filter>Header Files</Filter>
    </ClInclude>
    <ClInclude Include="C:\Users\Sahil\source\repos\ConsoleApplication9\openal-soft\alc\bformatdec.h">
      <Filter>Header Files</Filter>
    </ClInclude>
    <ClInclude Include="C:\Users\Sahil\source\repos\ConsoleApplication9\openal-soft\alc\bs2b.h">
      <Filter>Header Files</Filter>
    </ClInclude>
    <ClInclude Include="C:\Users\Sahil\source\repos\ConsoleApplication9\openal-soft\alc\compat.h">
      <Filter>Header Files</Filter>
    </ClInclude>
    <ClInclude Include="C:\Users\Sahil\source\repos\ConsoleApplication9\openal-soft\alc\converter.h">
      <Filter>Header Files</Filter>
    </ClInclude>
    <ClInclude Include="C:\Users\Sahil\source\repos\ConsoleApplication9\openal-soft\alc\cpu_caps.h">
      <Filter>Header Files</Filter>
    </ClInclude>
    <ClInclude Include="C:\Users\Sahil\source\repos\ConsoleApplication9\openal-soft\alc\devformat.h">
      <Filter>Header Files</Filter>
    </ClInclude>
    <ClInclude Include="C:\Users\Sahil\source\repos\ConsoleApplication9\openal-soft\alc\effects\base.h">
      <Filter>Header Files</Filter>
    </ClInclude>
    <ClInclude Include="C:\Users\Sahil\source\repos\ConsoleApplication9\openal-soft\alc\filters\biquad.h">
      <Filter>Header Files</Filter>
    </ClInclude>
    <ClInclude Include="C:\Users\Sahil\source\repos\ConsoleApplication9\openal-soft\alc\filters\nfc.h">
      <Filter>Header Files</Filter>
    </ClInclude>
    <ClInclude Include="C:\Users\Sahil\source\repos\ConsoleApplication9\openal-soft\alc\filters\splitter.h">
      <Filter>Header Files</Filter>
    </ClInclude>
    <ClInclude Include="C:\Users\Sahil\source\repos\ConsoleApplication9\openal-soft\alc\fpu_ctrl.h">
      <Filter>Header Files</Filter>
    </ClInclude>
    <ClInclude Include="C:\Users\Sahil\source\repos\ConsoleApplication9\openal-soft\alc\front_stablizer.h">
      <Filter>Header Files</Filter>
    </ClInclude>
    <ClInclude Include="C:\Users\Sahil\source\repos\ConsoleApplication9\openal-soft\alc\hrtf.h">
      <Filter>Header Files</Filter>
    </ClInclude>
    <ClInclude Include="C:\Users\Sahil\source\repos\ConsoleApplication9\openal-soft\alc\inprogext.h">
      <Filter>Header Files</Filter>
    </ClInclude>
    <ClInclude Include="C:\Users\Sahil\source\repos\ConsoleApplication9\openal-soft\alc\logging.h">
      <Filter>Header Files</Filter>
    </ClInclude>
    <ClInclude Include="C:\Users\Sahil\source\repos\ConsoleApplication9\openal-soft\alc\mastering.h">
      <Filter>Header Files</Filter>
    </ClInclude>
    <ClInclude Include="C:\Users\Sahil\source\repos\ConsoleApplication9\openal-soft\alc\ringbuffer.h">
      <Filter>Header Files</Filter>
    </ClInclude>
    <ClInclude Include="C:\Users\Sahil\source\repos\ConsoleApplication9\openal-soft\alc\uhjfilter.h">
      <Filter>Header Files</Filter>
    </ClInclude>
    <ClInclude Include="C:\Users\Sahil\source\repos\ConsoleApplication9\openal-soft\alc\voice.h">
      <Filter>Header Files</Filter>
    </ClInclude>
    <ClInclude Include="C:\Users\Sahil\source\repos\ConsoleApplication9\openal-soft\alc\mixer\defs.h">
      <Filter>Header Files</Filter>
    </ClInclude>
    <ClInclude Include="C:\Users\Sahil\source\repos\ConsoleApplication9\openal-soft\alc\mixer\hrtfbase.h">
      <Filter>Header Files</Filter>
    </ClInclude>
    <ClInclude Include="C:\Users\Sahil\source\repos\ConsoleApplication9\openal-soft\alc\backends\base.h">
      <Filter>Header Files</Filter>
    </ClInclude>
    <ClInclude Include="C:\Users\Sahil\source\repos\ConsoleApplication9\openal-soft\alc\backends\loopback.h">
      <Filter>Header Files</Filter>
    </ClInclude>
    <ClInclude Include="C:\Users\Sahil\source\repos\ConsoleApplication9\openal-soft\alc\backends\null.h">
      <Filter>Header Files</Filter>
    </ClInclude>
    <ClInclude Include="C:\Users\Sahil\source\repos\ConsoleApplication9\openal-soft\alc\backends\dsound.h">
      <Filter>Header Files</Filter>
    </ClInclude>
    <ClInclude Include="C:\Users\Sahil\source\repos\ConsoleApplication9\openal-soft\alc\backends\wasapi.h">
      <Filter>Header Files</Filter>
    </ClInclude>
    <ClInclude Include="C:\Users\Sahil\source\repos\ConsoleApplication9\openal-soft\alc\backends\wave.h">
      <Filter>Header Files</Filter>
    </ClInclude>
    <ClInclude Include="C:\Users\Sahil\source\repos\ConsoleApplication9\openal-soft-build\hrtf_default.h">
      <Filter>Header Files</Filter>
    </ClInclude>
  </ItemGroup>
  <ItemGroup>
    <CustomBuild Include="C:\Users\Sahil\source\repos\ConsoleApplication9\openal-soft-build\CMakeFiles\a70a98e9698ba91fd5b2f0faee9b3e72\hrtf_default.h.rule">
      <Filter>CMake Rules</Filter>
    </CustomBuild>
    <CustomBuild Include="C:\Users\Sahil\source\repos\ConsoleApplication9\openal-soft\CMakeLists.txt" />
  </ItemGroup>
  <ItemGroup>
    <ResourceCompile Include="C:\Users\Sahil\source\repos\ConsoleApplication9\openal-soft\resources\openal32.rc">
      <Filter>Source Files</Filter>
    </ResourceCompile>
  </ItemGroup>
  <ItemGroup>
    <Filter Include="CMake Rules">
      <UniqueIdentifier>{87441526-E222-35E1-A2BE-939094E55FBF}</UniqueIdentifier>
    </Filter>
    <Filter Include="Header Files">
      <UniqueIdentifier>{F6AE70D5-739A-3C2A-8BC3-3135D9E27520}</UniqueIdentifier>
    </Filter>
    <Filter Include="Source Files">
      <UniqueIdentifier>{6D6C4AAB-6CBB-394E-B972-4C71DFB914E9}</UniqueIdentifier>
    </Filter>
  </ItemGroup>
</Project>
