Microsoft Visual Studio Solution File, Format Version 12.00
# Visual Studio 16
Project("{8BC9CEB8-8B4A-11D0-8D11-00A0C91BC942}") = "ALL_BUILD", "ALL_BUILD.vcxproj", "{351DED9F-7DD3-359C-9D7B-0F6B709BC63C}"
	ProjectSection(ProjectDependencies) = postProject
		{15FA924B-8BD4-3F96-BF8C-0730AAA45B89} = {15FA924B-8BD4-3F96-BF8C-0730AAA45B89}
		{275483A5-93E3-35EE-AAD1-5B014A46332B} = {275483A5-93E3-35EE-AAD1-5B014A46332B}
		{80E05A8E-8207-3941-BB4C-8BF7ED7C48EA} = {80E05A8E-8207-3941-BB4C-8BF7ED7C48EA}
		{79BEC20F-2E5C-3E1F-BA59-5F44EE191A47} = {79BEC20F-2E5C-3E1F-BA59-5F44EE191A47}
		{4D802F02-BE47-3299-AFED-3274F9447524} = {4D802F02-BE47-3299-AFED-3274F9447524}
	EndProjectSection
EndProject
Project("{8BC9CEB8-8B4A-11D0-8D11-00A0C91BC942}") = "INSTALL", "INSTALL.vcxproj", "{458A01CE-A5DB-3A6A-A4FF-4BA9DDBB7F63}"
	ProjectSection(ProjectDependencies) = postProject
		{351DED9F-7DD3-359C-9D7B-0F6B709BC63C} = {351DED9F-7DD3-359C-9D7B-0F6B709BC63C}
		{275483A5-93E3-35EE-AAD1-5B014A46332B} = {275483A5-93E3-35EE-AAD1-5B014A46332B}
	EndProjectSection
EndProject
Project("{8BC9CEB8-8B4A-11D0-8D11-00A0C91BC942}") = "OpenAL", "OpenAL.vcxproj", "{15FA924B-8BD4-3F96-BF8C-0730AAA45B89}"
	ProjectSection(ProjectDependencies) = postProject
		{275483A5-93E3-35EE-AAD1-5B014A46332B} = {275483A5-93E3-35EE-AAD1-5B014A46332B}
		{5B94DD17-5CEA-3008-8A9E-709D9333E49B} = {5B94DD17-5CEA-3008-8A9E-709D9333E49B}
		{DE1FF6AB-76AC-3524-AB76-97EBBB8F1EE6} = {DE1FF6AB-76AC-3524-AB76-97EBBB8F1EE6}
	EndProjectSection
EndProject
Project("{8BC9CEB8-8B4A-11D0-8D11-00A0C91BC942}") = "ZERO_CHECK", "ZERO_CHECK.vcxproj", "{275483A5-93E3-35EE-AAD1-5B014A46332B}"
	ProjectSection(ProjectDependencies) = postProject
	EndProjectSection
EndProject
Project("{8BC9CEB8-8B4A-11D0-8D11-00A0C91BC942}") = "alrecord", "alrecord.vcxproj", "{80E05A8E-8207-3941-BB4C-8BF7ED7C48EA}"
	ProjectSection(ProjectDependencies) = postProject
		{15FA924B-8BD4-3F96-BF8C-0730AAA45B89} = {15FA924B-8BD4-3F96-BF8C-0730AAA45B89}
		{275483A5-93E3-35EE-AAD1-5B014A46332B} = {275483A5-93E3-35EE-AAD1-5B014A46332B}
		{643A4883-3A71-3787-9AC2-5735B675705E} = {643A4883-3A71-3787-9AC2-5735B675705E}
	EndProjectSection
EndProject
Project("{8BC9CEB8-8B4A-11D0-8D11-00A0C91BC942}") = "altonegen", "altonegen.vcxproj", "{79BEC20F-2E5C-3E1F-BA59-5F44EE191A47}"
	ProjectSection(ProjectDependencies) = postProject
		{15FA924B-8BD4-3F96-BF8C-0730AAA45B89} = {15FA924B-8BD4-3F96-BF8C-0730AAA45B89}
		{275483A5-93E3-35EE-AAD1-5B014A46332B} = {275483A5-93E3-35EE-AAD1-5B014A46332B}
		{643A4883-3A71-3787-9AC2-5735B675705E} = {643A4883-3A71-3787-9AC2-5735B675705E}
	EndProjectSection
EndProject
Project("{8BC9CEB8-8B4A-11D0-8D11-00A0C91BC942}") = "build_version", "build_version.vcxproj", "{5B94DD17-5CEA-3008-8A9E-709D9333E49B}"
	ProjectSection(ProjectDependencies) = postProject
		{275483A5-93E3-35EE-AAD1-5B014A46332B} = {275483A5-93E3-35EE-AAD1-5B014A46332B}
	EndProjectSection
EndProject
Project("{8BC9CEB8-8B4A-11D0-8D11-00A0C91BC942}") = "common", "common.vcxproj", "{DE1FF6AB-76AC-3524-AB76-97EBBB8F1EE6}"
	ProjectSection(ProjectDependencies) = postProject
		{275483A5-93E3-35EE-AAD1-5B014A46332B} = {275483A5-93E3-35EE-AAD1-5B014A46332B}
	EndProjectSection
EndProject
Project("{8BC9CEB8-8B4A-11D0-8D11-00A0C91BC942}") = "ex-common", "ex-common.vcxproj", "{643A4883-3A71-3787-9AC2-5735B675705E}"
	ProjectSection(ProjectDependencies) = postProject
		{15FA924B-8BD4-3F96-BF8C-0730AAA45B89} = {15FA924B-8BD4-3F96-BF8C-0730AAA45B89}
		{275483A5-93E3-35EE-AAD1-5B014A46332B} = {275483A5-93E3-35EE-AAD1-5B014A46332B}
	EndProjectSection
EndProject
Project("{8BC9CEB8-8B4A-11D0-8D11-00A0C91BC942}") = "openal-info", "openal-info.vcxproj", "{4D802F02-BE47-3299-AFED-3274F9447524}"
	ProjectSection(ProjectDependencies) = postProject
		{15FA924B-8BD4-3F96-BF8C-0730AAA45B89} = {15FA924B-8BD4-3F96-BF8C-0730AAA45B89}
		{275483A5-93E3-35EE-AAD1-5B014A46332B} = {275483A5-93E3-35EE-AAD1-5B014A46332B}
	EndProjectSection
EndProject
Global
	GlobalSection(SolutionConfigurationPlatforms) = preSolution
		Debug|x64 = Debug|x64
		Release|x64 = Release|x64
		MinSizeRel|x64 = MinSizeRel|x64
		RelWithDebInfo|x64 = RelWithDebInfo|x64
	EndGlobalSection
	GlobalSection(ProjectConfigurationPlatforms) = postSolution
		{351DED9F-7DD3-359C-9D7B-0F6B709BC63C}.Debug|x64.ActiveCfg = Debug|x64
		{351DED9F-7DD3-359C-9D7B-0F6B709BC63C}.Debug|x64.Build.0 = Debug|x64
		{351DED9F-7DD3-359C-9D7B-0F6B709BC63C}.Release|x64.ActiveCfg = Release|x64
		{351DED9F-7DD3-359C-9D7B-0F6B709BC63C}.Release|x64.Build.0 = Release|x64
		{351DED9F-7DD3-359C-9D7B-0F6B709BC63C}.MinSizeRel|x64.ActiveCfg = MinSizeRel|x64
		{351DED9F-7DD3-359C-9D7B-0F6B709BC63C}.MinSizeRel|x64.Build.0 = MinSizeRel|x64
		{351DED9F-7DD3-359C-9D7B-0F6B709BC63C}.RelWithDebInfo|x64.ActiveCfg = RelWithDebInfo|x64
		{351DED9F-7DD3-359C-9D7B-0F6B709BC63C}.RelWithDebInfo|x64.Build.0 = RelWithDebInfo|x64
		{458A01CE-A5DB-3A6A-A4FF-4BA9DDBB7F63}.Debug|x64.ActiveCfg = Debug|x64
		{458A01CE-A5DB-3A6A-A4FF-4BA9DDBB7F63}.Release|x64.ActiveCfg = Release|x64
		{458A01CE-A5DB-3A6A-A4FF-4BA9DDBB7F63}.MinSizeRel|x64.ActiveCfg = MinSizeRel|x64
		{458A01CE-A5DB-3A6A-A4FF-4BA9DDBB7F63}.RelWithDebInfo|x64.ActiveCfg = RelWithDebInfo|x64
		{15FA924B-8BD4-3F96-BF8C-0730AAA45B89}.Debug|x64.ActiveCfg = Debug|x64
		{15FA924B-8BD4-3F96-BF8C-0730AAA45B89}.Debug|x64.Build.0 = Debug|x64
		{15FA924B-8BD4-3F96-BF8C-0730AAA45B89}.Release|x64.ActiveCfg = Release|x64
		{15FA924B-8BD4-3F96-BF8C-0730AAA45B89}.Release|x64.Build.0 = Release|x64
		{15FA924B-8BD4-3F96-BF8C-0730AAA45B89}.MinSizeRel|x64.ActiveCfg = MinSizeRel|x64
		{15FA924B-8BD4-3F96-BF8C-0730AAA45B89}.MinSizeRel|x64.Build.0 = MinSizeRel|x64
		{15FA924B-8BD4-3F96-BF8C-0730AAA45B89}.RelWithDebInfo|x64.ActiveCfg = RelWithDebInfo|x64
		{15FA924B-8BD4-3F96-BF8C-0730AAA45B89}.RelWithDebInfo|x64.Build.0 = RelWithDebInfo|x64
		{275483A5-93E3-35EE-AAD1-5B014A46332B}.Debug|x64.ActiveCfg = Debug|x64
		{275483A5-93E3-35EE-AAD1-5B014A46332B}.Debug|x64.Build.0 = Debug|x64
		{275483A5-93E3-35EE-AAD1-5B014A46332B}.Release|x64.ActiveCfg = Release|x64
		{275483A5-93E3-35EE-AAD1-5B014A46332B}.Release|x64.Build.0 = Release|x64
		{275483A5-93E3-35EE-AAD1-5B014A46332B}.MinSizeRel|x64.ActiveCfg = MinSizeRel|x64
		{275483A5-93E3-35EE-AAD1-5B014A46332B}.MinSizeRel|x64.Build.0 = MinSizeRel|x64
		{275483A5-93E3-35EE-AAD1-5B014A46332B}.RelWithDebInfo|x64.ActiveCfg = RelWithDebInfo|x64
		{275483A5-93E3-35EE-AAD1-5B014A46332B}.RelWithDebInfo|x64.Build.0 = RelWithDebInfo|x64
		{80E05A8E-8207-3941-BB4C-8BF7ED7C48EA}.Debug|x64.ActiveCfg = Debug|x64
		{80E05A8E-8207-3941-BB4C-8BF7ED7C48EA}.Debug|x64.Build.0 = Debug|x64
		{80E05A8E-8207-3941-BB4C-8BF7ED7C48EA}.Release|x64.ActiveCfg = Release|x64
		{80E05A8E-8207-3941-BB4C-8BF7ED7C48EA}.Release|x64.Build.0 = Release|x64
		{80E05A8E-8207-3941-BB4C-8BF7ED7C48EA}.MinSizeRel|x64.ActiveCfg = MinSizeRel|x64
		{80E05A8E-8207-3941-BB4C-8BF7ED7C48EA}.MinSizeRel|x64.Build.0 = MinSizeRel|x64
		{80E05A8E-8207-3941-BB4C-8BF7ED7C48EA}.RelWithDebInfo|x64.ActiveCfg = RelWithDebInfo|x64
		{80E05A8E-8207-3941-BB4C-8BF7ED7C48EA}.RelWithDebInfo|x64.Build.0 = RelWithDebInfo|x64
		{79BEC20F-2E5C-3E1F-BA59-5F44EE191A47}.Debug|x64.ActiveCfg = Debug|x64
		{79BEC20F-2E5C-3E1F-BA59-5F44EE191A47}.Debug|x64.Build.0 = Debug|x64
		{79BEC20F-2E5C-3E1F-BA59-5F44EE191A47}.Release|x64.ActiveCfg = Release|x64
		{79BEC20F-2E5C-3E1F-BA59-5F44EE191A47}.Release|x64.Build.0 = Release|x64
		{79BEC20F-2E5C-3E1F-BA59-5F44EE191A47}.MinSizeRel|x64.ActiveCfg = MinSizeRel|x64
		{79BEC20F-2E5C-3E1F-BA59-5F44EE191A47}.MinSizeRel|x64.Build.0 = MinSizeRel|x64
		{79BEC20F-2E5C-3E1F-BA59-5F44EE191A47}.RelWithDebInfo|x64.ActiveCfg = RelWithDebInfo|x64
		{79BEC20F-2E5C-3E1F-BA59-5F44EE191A47}.RelWithDebInfo|x64.Build.0 = RelWithDebInfo|x64
		{5B94DD17-5CEA-3008-8A9E-709D9333E49B}.Debug|x64.ActiveCfg = Debug|x64
		{5B94DD17-5CEA-3008-8A9E-709D9333E49B}.Debug|x64.Build.0 = Debug|x64
		{5B94DD17-5CEA-3008-8A9E-709D9333E49B}.Release|x64.ActiveCfg = Release|x64
		{5B94DD17-5CEA-3008-8A9E-709D9333E49B}.Release|x64.Build.0 = Release|x64
		{5B94DD17-5CEA-3008-8A9E-709D9333E49B}.MinSizeRel|x64.ActiveCfg = MinSizeRel|x64
		{5B94DD17-5CEA-3008-8A9E-709D9333E49B}.MinSizeRel|x64.Build.0 = MinSizeRel|x64
		{5B94DD17-5CEA-3008-8A9E-709D9333E49B}.RelWithDebInfo|x64.ActiveCfg = RelWithDebInfo|x64
		{5B94DD17-5CEA-3008-8A9E-709D9333E49B}.RelWithDebInfo|x64.Build.0 = RelWithDebInfo|x64
		{DE1FF6AB-76AC-3524-AB76-97EBBB8F1EE6}.Debug|x64.ActiveCfg = Debug|x64
		{DE1FF6AB-76AC-3524-AB76-97EBBB8F1EE6}.Debug|x64.Build.0 = Debug|x64
		{DE1FF6AB-76AC-3524-AB76-97EBBB8F1EE6}.Release|x64.ActiveCfg = Release|x64
		{DE1FF6AB-76AC-3524-AB76-97EBBB8F1EE6}.Release|x64.Build.0 = Release|x64
		{DE1FF6AB-76AC-3524-AB76-97EBBB8F1EE6}.MinSizeRel|x64.ActiveCfg = MinSizeRel|x64
		{DE1FF6AB-76AC-3524-AB76-97EBBB8F1EE6}.MinSizeRel|x64.Build.0 = MinSizeRel|x64
		{DE1FF6AB-76AC-3524-AB76-97EBBB8F1EE6}.RelWithDebInfo|x64.ActiveCfg = RelWithDebInfo|x64
		{DE1FF6AB-76AC-3524-AB76-97EBBB8F1EE6}.RelWithDebInfo|x64.Build.0 = RelWithDebInfo|x64
		{643A4883-3A71-3787-9AC2-5735B675705E}.Debug|x64.ActiveCfg = Debug|x64
		{643A4883-3A71-3787-9AC2-5735B675705E}.Debug|x64.Build.0 = Debug|x64
		{643A4883-3A71-3787-9AC2-5735B675705E}.Release|x64.ActiveCfg = Release|x64
		{643A4883-3A71-3787-9AC2-5735B675705E}.Release|x64.Build.0 = Release|x64
		{643A4883-3A71-3787-9AC2-5735B675705E}.MinSizeRel|x64.ActiveCfg = MinSizeRel|x64
		{643A4883-3A71-3787-9AC2-5735B675705E}.MinSizeRel|x64.Build.0 = MinSizeRel|x64
		{643A4883-3A71-3787-9AC2-5735B675705E}.RelWithDebInfo|x64.ActiveCfg = RelWithDebInfo|x64
		{643A4883-3A71-3787-9AC2-5735B675705E}.RelWithDebInfo|x64.Build.0 = RelWithDebInfo|x64
		{4D802F02-BE47-3299-AFED-3274F9447524}.Debug|x64.ActiveCfg = Debug|x64
		{4D802F02-BE47-3299-AFED-3274F9447524}.Debug|x64.Build.0 = Debug|x64
		{4D802F02-BE47-3299-AFED-3274F9447524}.Release|x64.ActiveCfg = Release|x64
		{4D802F02-BE47-3299-AFED-3274F9447524}.Release|x64.Build.0 = Release|x64
		{4D802F02-BE47-3299-AFED-3274F9447524}.MinSizeRel|x64.ActiveCfg = MinSizeRel|x64
		{4D802F02-BE47-3299-AFED-3274F9447524}.MinSizeRel|x64.Build.0 = MinSizeRel|x64
		{4D802F02-BE47-3299-AFED-3274F9447524}.RelWithDebInfo|x64.ActiveCfg = RelWithDebInfo|x64
		{4D802F02-BE47-3299-AFED-3274F9447524}.RelWithDebInfo|x64.Build.0 = RelWithDebInfo|x64
	EndGlobalSection
	GlobalSection(ExtensibilityGlobals) = postSolution
		SolutionGuid = {D87F51A0-8A57-3994-A6A8-5E37FF6B28D5}
	EndGlobalSection
	GlobalSection(ExtensibilityAddIns) = postSolution
	EndGlobalSection
EndGlobal
