Microsoft Visual Studio Solution File, Format Version 12.00
# Visual Studio 16
Project("{8BC9CEB8-8B4A-11D0-8D11-00A0C91BC942}") = "ALL_BUILD", "ALL_BUILD.vcxproj", "{351DED9F-7DD3-359C-9D7B-0F6B709BC63C}"
	ProjectSection(ProjectDependencies) = postProject
		{275483A5-93E3-35EE-AAD1-5B014A46332B} = {275483A5-93E3-35EE-AAD1-5B014A46332B}
	EndProjectSection
EndProject
Project("{8BC9CEB8-8B4A-11D0-8D11-00A0C91BC942}") = "INSTALL", "INSTALL.vcxproj", "{458A01CE-A5DB-3A6A-A4FF-4BA9DDBB7F63}"
	ProjectSection(ProjectDependencies) = postProject
		{351DED9F-7DD3-359C-9D7B-0F6B709BC63C} = {351DED9F-7DD3-359C-9D7B-0F6B709BC63C}
		{275483A5-93E3-35EE-AAD1-5B014A46332B} = {275483A5-93E3-35EE-AAD1-5B014A46332B}
	EndProjectSection
EndProject
Project("{8BC9CEB8-8B4A-11D0-8D11-00A0C91BC942}") = "ZERO_CHECK", "..\..\\ZERO_CHECK.vcxproj", "{275483A5-93E3-35EE-AAD1-5B014A46332B}"
	ProjectSection(ProjectDependencies) = postProject
	EndProjectSection
EndProject
Global
	GlobalSection(SolutionConfigurationPlatforms) = preSolution
		Debug|x64 = Debug|x64
		Release|x64 = Release|x64
		MinSizeRel|x64 = MinSizeRel|x64
		RelWithDebInfo|x64 = RelWithDebInfo|x64
	EndGlobalSection
	GlobalSection(ProjectConfigurationPlatforms) = postSolution
		{351DED9F-7DD3-359C-9D7B-0F6B709BC63C}.Debug|x64.ActiveCfg = Debug|x64
		{351DED9F-7DD3-359C-9D7B-0F6B709BC63C}.Debug|x64.Build.0 = Debug|x64
		{351DED9F-7DD3-359C-9D7B-0F6B709BC63C}.Release|x64.ActiveCfg = Release|x64
		{351DED9F-7DD3-359C-9D7B-0F6B709BC63C}.Release|x64.Build.0 = Release|x64
		{351DED9F-7DD3-359C-9D7B-0F6B709BC63C}.MinSizeRel|x64.ActiveCfg = MinSizeRel|x64
		{351DED9F-7DD3-359C-9D7B-0F6B709BC63C}.MinSizeRel|x64.Build.0 = MinSizeRel|x64
		{351DED9F-7DD3-359C-9D7B-0F6B709BC63C}.RelWithDebInfo|x64.ActiveCfg = RelWithDebInfo|x64
		{351DED9F-7DD3-359C-9D7B-0F6B709BC63C}.RelWithDebInfo|x64.Build.0 = RelWithDebInfo|x64
		{458A01CE-A5DB-3A6A-A4FF-4BA9DDBB7F63}.Debug|x64.ActiveCfg = Debug|x64
		{458A01CE-A5DB-3A6A-A4FF-4BA9DDBB7F63}.Release|x64.ActiveCfg = Release|x64
		{458A01CE-A5DB-3A6A-A4FF-4BA9DDBB7F63}.MinSizeRel|x64.ActiveCfg = MinSizeRel|x64
		{458A01CE-A5DB-3A6A-A4FF-4BA9DDBB7F63}.RelWithDebInfo|x64.ActiveCfg = RelWithDebInfo|x64
		{275483A5-93E3-35EE-AAD1-5B014A46332B}.Debug|x64.ActiveCfg = Debug|x64
		{275483A5-93E3-35EE-AAD1-5B014A46332B}.Debug|x64.Build.0 = Debug|x64
		{275483A5-93E3-35EE-AAD1-5B014A46332B}.Release|x64.ActiveCfg = Release|x64
		{275483A5-93E3-35EE-AAD1-5B014A46332B}.Release|x64.Build.0 = Release|x64
		{275483A5-93E3-35EE-AAD1-5B014A46332B}.MinSizeRel|x64.ActiveCfg = MinSizeRel|x64
		{275483A5-93E3-35EE-AAD1-5B014A46332B}.MinSizeRel|x64.Build.0 = MinSizeRel|x64
		{275483A5-93E3-35EE-AAD1-5B014A46332B}.RelWithDebInfo|x64.ActiveCfg = RelWithDebInfo|x64
		{275483A5-93E3-35EE-AAD1-5B014A46332B}.RelWithDebInfo|x64.Build.0 = RelWithDebInfo|x64
	EndGlobalSection
	GlobalSection(ExtensibilityGlobals) = postSolution
		SolutionGuid = {9EAAC9D5-9582-35C8-B995-D2D59D940B5B}
	EndGlobalSection
	GlobalSection(ExtensibilityAddIns) = postSolution
	EndGlobalSection
EndGlobal
