<?xml version="1.0" encoding="utf-8"?>
<Project ToolsVersion="16.0" xmlns="http://schemas.microsoft.com/developer/msbuild/2003">
  <ItemGroup>
    <CustomBuild Include="C:\Users\Sahil\source\repos\ConsoleApplication9\openal-soft-build\CMakeFiles\6816d4802e0d21491c34dde958dc2531\INSTALL_force.rule">
      <Filter>CMake Rules</Filter>
    </CustomBuild>
  </ItemGroup>
  <ItemGroup>
    <Filter Include="CMake Rules">
      <UniqueIdentifier>{87441526-E222-35E1-A2BE-939094E55FBF}</UniqueIdentifier>
    </Filter>
  </ItemGroup>
</Project>
